
Microsoft Visual Studio Solution File, Format Version 12.00
# Visual Studio Version 16
VisualStudioVersion = 16.0.29728.190
MinimumVisualStudioVersion = 10.0.40219.1
Project("{FAE04EC0-301F-11D3-BF4B-00C04F79EFBC}") = "WpfApp11", "WpfApp11\WpfApp11.csproj", "{0B40BD03-08AB-491A-B41F-76E19A8FCBCD}"
EndProject
Global
	GlobalSection(SolutionConfigurationPlatforms) = preSolution
		Debug|Any CPU = Debug|Any CPU
		Release|Any CPU = Release|Any CPU
	EndGlobalSection
	GlobalSection(ProjectConfigurationPlatforms) = postSolution
		{0B40BD03-08AB-491A-B41F-76E19A8FCBCD}.Debug|Any CPU.ActiveCfg = Debug|Any CPU
		{0B40BD03-08AB-491A-B41F-76E19A8FCBCD}.Debug|Any CPU.Build.0 = Debug|Any CPU
		{0B40BD03-08AB-491A-B41F-76E19A8FCBCD}.Release|Any CPU.ActiveCfg = Release|Any CPU
		{0B40BD03-08AB-491A-B41F-76E19A8FCBCD}.Release|Any CPU.Build.0 = Release|Any CPU
	EndGlobalSection
	GlobalSection(SolutionProperties) = preSolution
		HideSolutionNode = FALSE
	EndGlobalSection
	GlobalSection(ExtensibilityGlobals) = postSolution
		SolutionGuid = {2F4A0BDE-D3CD-4DB3-9B12-EBA04281B762}
	EndGlobalSection
EndGlobal
